github.com/abbeymart/mctestgo v0.2.0 h1:Lkt1ob5P4UtY3elg/VNCOg+Z4G3uL3Wr1eVWEmCjffA=
github.com/abbeymart/mctestgo v0.2.0/go.mod h1:6z87w/tScZc/s/EbNT8Uj9+1MEGIPvYgphiLxji7hq0=
github.com/abbeymart/mctestgo v0.3.0 h1:chCWK3CnUmVX1bBOR5wv7cFMtfW/NyeqG9+zKmqWfBY=
github.com/abbeymart/mctestgo v0.3.0/go.mod h1:6z87w/tScZc/s/EbNT8Uj9+1MEGIPvYgphiLxji7hq0=
github.com/abbeymart/mctestgo v0.4.0 h1:Xn7aOBjWzvV3SEeMG4dL0eOa2/+O+i5hrYLkiPOS/1E=
github.com/abbeymart/mctestgo v0.4.0/go.mod h1:6z87w/tScZc/s/EbNT8Uj9+1MEGIPvYgphiLxji7hq0=
