github.com/abbeymart/mctest v0.5.3 h1:i2yUlvVbye43H7cmnguoYmal6azAvJVPUNollnSgmnA=
github.com/abbeymart/mctest v0.5.3/go.mod h1:KOFNuhcaJZq1lEDMXTA1qywNywH6rZ1EjPOFxpg2eBw=
github.com/abbeymart/mctest v0.6.0 h1:mDjGiQJv7n8EDl+K48erJG3hlNl7uefEScNNFK/k/8E=
github.com/abbeymart/mctest v0.6.0/go.mod h1:KOFNuhcaJZq1lEDMXTA1qywNywH6rZ1EjPOFxpg2eBw=
